
Microsoft Visual Studio Solution File, Format Version 12.00
# Visual Studio 15
VisualStudioVersion = 15.0.28307.168
MinimumVisualStudioVersion = 10.0.40219.1
Project("{8BC9CEB8-8B4A-11D0-8D11-00A0C91BC942}") = "qt_deploy_install_uninstall", "qt_deploy_install_uninstall.vcxproj", "{18B83A73-BF32-4EC6-A6FB-8BB6105FDB43}"
EndProject
Global
	GlobalSection(SolutionConfigurationPlatforms) = preSolution
		Debug|ARM = Debug|ARM
		Debug|x64 = Debug|x64
		Debug|x86 = Debug|x86
		Release|ARM = Release|ARM
		Release|x64 = Release|x64
		Release|x86 = Release|x86
	EndGlobalSection
	GlobalSection(ProjectConfigurationPlatforms) = postSolution
		{18B83A73-BF32-4EC6-A6FB-8BB6105FDB43}.Debug|ARM.ActiveCfg = Debug|ARM
		{18B83A73-BF32-4EC6-A6FB-8BB6105FDB43}.Debug|ARM.Build.0 = Debug|ARM
		{18B83A73-BF32-4EC6-A6FB-8BB6105FDB43}.Debug|x64.ActiveCfg = Debug|x64
		{18B83A73-BF32-4EC6-A6FB-8BB6105FDB43}.Debug|x64.Build.0 = Debug|x64
		{18B83A73-BF32-4EC6-A6FB-8BB6105FDB43}.Debug|x86.ActiveCfg = Debug|Win32
		{18B83A73-BF32-4EC6-A6FB-8BB6105FDB43}.Debug|x86.Build.0 = Debug|Win32
		{18B83A73-BF32-4EC6-A6FB-8BB6105FDB43}.Release|ARM.ActiveCfg = Release|ARM
		{18B83A73-BF32-4EC6-A6FB-8BB6105FDB43}.Release|ARM.Build.0 = Release|ARM
		{18B83A73-BF32-4EC6-A6FB-8BB6105FDB43}.Release|x64.ActiveCfg = Release|x64
		{18B83A73-BF32-4EC6-A6FB-8BB6105FDB43}.Release|x64.Build.0 = Release|x64
		{18B83A73-BF32-4EC6-A6FB-8BB6105FDB43}.Release|x86.ActiveCfg = Release|Win32
		{18B83A73-BF32-4EC6-A6FB-8BB6105FDB43}.Release|x86.Build.0 = Release|Win32
	EndGlobalSection
	GlobalSection(SolutionProperties) = preSolution
		HideSolutionNode = FALSE
	EndGlobalSection
	GlobalSection(ExtensibilityGlobals) = postSolution
		SolutionGuid = {4203B774-73C9-471E-A0F5-E09283684983}
	EndGlobalSection
EndGlobal
